
Microsoft Visual Studio Solution File, Format Version 12.00
# Visual Studio 15
VisualStudioVersion = 15.0.27703.2000
MinimumVisualStudioVersion = 10.0.40219.1
Project("{FAE04EC0-301F-11D3-BF4B-00C04F79EFBC}") = "SmartVaultSmartContract", "SmartVaultContract\SmartVaultSmartContract.csproj", "{2F5BAABC-630D-4A02-AD1A-EBC9F5EE8276}"
EndProject
Project("{FAE04EC0-301F-11D3-BF4B-00C04F79EFBC}") = "SmartVault.ConsoleApp", "SmartVault.ConsoleApp\SmartVault.ConsoleApp.csproj", "{25AA14B2-006D-476A-8FFA-220C37EFE34B}"
EndProject
Project("{FAE04EC0-301F-11D3-BF4B-00C04F79EFBC}") = "SmartVault.WPF", "SmartVault.WPF\SmartVault.WPF.csproj", "{1B6A0B97-2C7A-40EB-8605-90C6552CC90E}"
EndProject
Project("{2150E333-8FDC-42A3-9474-1A3956D46DE8}") = "NeoModules", "NeoModules", "{6FAAA47F-62ED-4CA2-96B6-BCC9B1E411F4}"
EndProject
Project("{9A19103F-16F7-4668-BE54-9A1E7A4F7556}") = "NeoModules.Core", "..\..\NeoModules\src\NeoModules.Core\NeoModules.Core.csproj", "{A39F0546-3041-4E73-91A6-B50BEB964DAA}"
EndProject
Project("{9A19103F-16F7-4668-BE54-9A1E7A4F7556}") = "NeoModules.JsonRpc.Client", "..\..\NeoModules\src\NeoModules.JsonRpc.Client\NeoModules.JsonRpc.Client.csproj", "{4C1C4B1E-8398-42B2-95B6-875E4C55380D}"
EndProject
Project("{9A19103F-16F7-4668-BE54-9A1E7A4F7556}") = "NeoModules.KeyPairs", "..\..\NeoModules\src\NeoModules.KeyPairs\NeoModules.KeyPairs.csproj", "{D7FF3852-1B58-480E-9794-2DE9DD4ADE73}"
EndProject
Project("{9A19103F-16F7-4668-BE54-9A1E7A4F7556}") = "NeoModules.NEP6", "..\..\NeoModules\src\NeoModules.NEP6\NeoModules.NEP6.csproj", "{58B36BB5-22F3-4268-968C-E50B50587841}"
EndProject
Project("{9A19103F-16F7-4668-BE54-9A1E7A4F7556}") = "NeoModules.NVM", "..\..\NeoModules\src\NeoModules.NVM\NeoModules.NVM.csproj", "{43A4DF3E-5883-41F9-A4E6-B40929A6C6A9}"
EndProject
Project("{9A19103F-16F7-4668-BE54-9A1E7A4F7556}") = "NeoModules.Rest", "..\..\NeoModules\src\NeoModules.Rest\NeoModules.Rest.csproj", "{317633BA-6766-474B-8C3E-6D1AE75C8533}"
EndProject
Project("{9A19103F-16F7-4668-BE54-9A1E7A4F7556}") = "NeoModules.RPC", "..\..\NeoModules\src\NeoModules.RPC\NeoModules.RPC.csproj", "{85DFDA59-F267-461D-BF56-58C194D2EDB3}"
EndProject
Global
	GlobalSection(SolutionConfigurationPlatforms) = preSolution
		Debug|Any CPU = Debug|Any CPU
		Release|Any CPU = Release|Any CPU
	EndGlobalSection
	GlobalSection(ProjectConfigurationPlatforms) = postSolution
		{2F5BAABC-630D-4A02-AD1A-EBC9F5EE8276}.Debug|Any CPU.ActiveCfg = Debug|Any CPU
		{2F5BAABC-630D-4A02-AD1A-EBC9F5EE8276}.Debug|Any CPU.Build.0 = Debug|Any CPU
		{2F5BAABC-630D-4A02-AD1A-EBC9F5EE8276}.Release|Any CPU.ActiveCfg = Release|Any CPU
		{2F5BAABC-630D-4A02-AD1A-EBC9F5EE8276}.Release|Any CPU.Build.0 = Release|Any CPU
		{25AA14B2-006D-476A-8FFA-220C37EFE34B}.Debug|Any CPU.ActiveCfg = Debug|Any CPU
		{25AA14B2-006D-476A-8FFA-220C37EFE34B}.Debug|Any CPU.Build.0 = Debug|Any CPU
		{25AA14B2-006D-476A-8FFA-220C37EFE34B}.Release|Any CPU.ActiveCfg = Release|Any CPU
		{25AA14B2-006D-476A-8FFA-220C37EFE34B}.Release|Any CPU.Build.0 = Release|Any CPU
		{1B6A0B97-2C7A-40EB-8605-90C6552CC90E}.Debug|Any CPU.ActiveCfg = Debug|Any CPU
		{1B6A0B97-2C7A-40EB-8605-90C6552CC90E}.Debug|Any CPU.Build.0 = Debug|Any CPU
		{1B6A0B97-2C7A-40EB-8605-90C6552CC90E}.Release|Any CPU.ActiveCfg = Release|Any CPU
		{1B6A0B97-2C7A-40EB-8605-90C6552CC90E}.Release|Any CPU.Build.0 = Release|Any CPU
		{A39F0546-3041-4E73-91A6-B50BEB964DAA}.Debug|Any CPU.ActiveCfg = Debug|Any CPU
		{A39F0546-3041-4E73-91A6-B50BEB964DAA}.Debug|Any CPU.Build.0 = Debug|Any CPU
		{A39F0546-3041-4E73-91A6-B50BEB964DAA}.Release|Any CPU.ActiveCfg = Release|Any CPU
		{A39F0546-3041-4E73-91A6-B50BEB964DAA}.Release|Any CPU.Build.0 = Release|Any CPU
		{4C1C4B1E-8398-42B2-95B6-875E4C55380D}.Debug|Any CPU.ActiveCfg = Debug|Any CPU
		{4C1C4B1E-8398-42B2-95B6-875E4C55380D}.Debug|Any CPU.Build.0 = Debug|Any CPU
		{4C1C4B1E-8398-42B2-95B6-875E4C55380D}.Release|Any CPU.ActiveCfg = Release|Any CPU
		{4C1C4B1E-8398-42B2-95B6-875E4C55380D}.Release|Any CPU.Build.0 = Release|Any CPU
		{D7FF3852-1B58-480E-9794-2DE9DD4ADE73}.Debug|Any CPU.ActiveCfg = Debug|Any CPU
		{D7FF3852-1B58-480E-9794-2DE9DD4ADE73}.Debug|Any CPU.Build.0 = Debug|Any CPU
		{D7FF3852-1B58-480E-9794-2DE9DD4ADE73}.Release|Any CPU.ActiveCfg = Release|Any CPU
		{D7FF3852-1B58-480E-9794-2DE9DD4ADE73}.Release|Any CPU.Build.0 = Release|Any CPU
		{58B36BB5-22F3-4268-968C-E50B50587841}.Debug|Any CPU.ActiveCfg = Debug|Any CPU
		{58B36BB5-22F3-4268-968C-E50B50587841}.Debug|Any CPU.Build.0 = Debug|Any CPU
		{58B36BB5-22F3-4268-968C-E50B50587841}.Release|Any CPU.ActiveCfg = Release|Any CPU
		{58B36BB5-22F3-4268-968C-E50B50587841}.Release|Any CPU.Build.0 = Release|Any CPU
		{43A4DF3E-5883-41F9-A4E6-B40929A6C6A9}.Debug|Any CPU.ActiveCfg = Debug|Any CPU
		{43A4DF3E-5883-41F9-A4E6-B40929A6C6A9}.Debug|Any CPU.Build.0 = Debug|Any CPU
		{43A4DF3E-5883-41F9-A4E6-B40929A6C6A9}.Release|Any CPU.ActiveCfg = Release|Any CPU
		{43A4DF3E-5883-41F9-A4E6-B40929A6C6A9}.Release|Any CPU.Build.0 = Release|Any CPU
		{317633BA-6766-474B-8C3E-6D1AE75C8533}.Debug|Any CPU.ActiveCfg = Debug|Any CPU
		{317633BA-6766-474B-8C3E-6D1AE75C8533}.Debug|Any CPU.Build.0 = Debug|Any CPU
		{317633BA-6766-474B-8C3E-6D1AE75C8533}.Release|Any CPU.ActiveCfg = Release|Any CPU
		{317633BA-6766-474B-8C3E-6D1AE75C8533}.Release|Any CPU.Build.0 = Release|Any CPU
		{85DFDA59-F267-461D-BF56-58C194D2EDB3}.Debug|Any CPU.ActiveCfg = Debug|Any CPU
		{85DFDA59-F267-461D-BF56-58C194D2EDB3}.Debug|Any CPU.Build.0 = Debug|Any CPU
		{85DFDA59-F267-461D-BF56-58C194D2EDB3}.Release|Any CPU.ActiveCfg = Release|Any CPU
		{85DFDA59-F267-461D-BF56-58C194D2EDB3}.Release|Any CPU.Build.0 = Release|Any CPU
	EndGlobalSection
	GlobalSection(SolutionProperties) = preSolution
		HideSolutionNode = FALSE
	EndGlobalSection
	GlobalSection(NestedProjects) = preSolution
		{A39F0546-3041-4E73-91A6-B50BEB964DAA} = {6FAAA47F-62ED-4CA2-96B6-BCC9B1E411F4}
		{4C1C4B1E-8398-42B2-95B6-875E4C55380D} = {6FAAA47F-62ED-4CA2-96B6-BCC9B1E411F4}
		{D7FF3852-1B58-480E-9794-2DE9DD4ADE73} = {6FAAA47F-62ED-4CA2-96B6-BCC9B1E411F4}
		{58B36BB5-22F3-4268-968C-E50B50587841} = {6FAAA47F-62ED-4CA2-96B6-BCC9B1E411F4}
		{43A4DF3E-5883-41F9-A4E6-B40929A6C6A9} = {6FAAA47F-62ED-4CA2-96B6-BCC9B1E411F4}
		{317633BA-6766-474B-8C3E-6D1AE75C8533} = {6FAAA47F-62ED-4CA2-96B6-BCC9B1E411F4}
		{85DFDA59-F267-461D-BF56-58C194D2EDB3} = {6FAAA47F-62ED-4CA2-96B6-BCC9B1E411F4}
	EndGlobalSection
	GlobalSection(ExtensibilityGlobals) = postSolution
		SolutionGuid = {BA7E232D-2135-4332-A533-2E94C6C0121E}
	EndGlobalSection
EndGlobal
